// !$*UTF8*$!
{
	archiveVersion = 1;
	classes = {
	};
	objectVersion = 46;
	objects = {

/* Begin PBXBuildFile section */
		DA1B71CF19B6B03D00933BAF /* MessageBroker.h in Headers */ = {isa = PBXBuildFile; fileRef = DA1B71CE19B6B03D00933BAF /* MessageBroker.h */; settings = {ATTRIBUTES = (Public, ); }; };
		DA6710F219B6C23600A4B369 /* Nimble.framework in Frameworks */ = {isa = PBXBuildFile; fileRef = DA6710EB19B6C22200A4B369 /* Nimble.framework */; };
		DA6710F319B6C23600A4B369 /* Quick.framework in Frameworks */ = {isa = PBXBuildFile; fileRef = DA6710DC19B6C20900A4B369 /* Quick.framework */; };
		DA6710F419B6C24100A4B369 /* Nimble.framework in Frameworks */ = {isa = PBXBuildFile; fileRef = DA6710EF19B6C22200A4B369 /* Nimble.framework */; };
		DA6710F519B6C24100A4B369 /* Quick.framework in Frameworks */ = {isa = PBXBuildFile; fileRef = DA6710DC19B6C20900A4B369 /* Quick.framework */; };
		DA67110619B6C2EA00A4B369 /* MessageTransfer.framework in Frameworks */ = {isa = PBXBuildFile; fileRef = DA6710FF19B6C2DB00A4B369 /* MessageTransfer.framework */; };
		DA67110719B6C2F700A4B369 /* MessageTransfer.framework in Frameworks */ = {isa = PBXBuildFile; fileRef = DA6710FF19B6C2DB00A4B369 /* MessageTransfer.framework */; };
		DA67110919B6C33B00A4B369 /* MessageBroker.swift in Sources */ = {isa = PBXBuildFile; fileRef = DA67110819B6C33B00A4B369 /* MessageBroker.swift */; };
		DA67110A19B6C33B00A4B369 /* MessageBroker.swift in Sources */ = {isa = PBXBuildFile; fileRef = DA67110819B6C33B00A4B369 /* MessageBroker.swift */; };
/* End PBXBuildFile section */

/* Begin PBXContainerItemProxy section */
		DA1B71E219B6B21200933BAF /* PBXContainerItemProxy */ = {
			isa = PBXContainerItemProxy;
			containerPortal = DA1B71C019B6B03D00933BAF /* Project object */;
			proxyType = 1;
			remoteGlobalIDString = DA1B71C819B6B03D00933BAF;
			remoteInfo = "MessageBroker-Mac";
		};
		DA1B71FF19B6B2B200933BAF /* PBXContainerItemProxy */ = {
			isa = PBXContainerItemProxy;
			containerPortal = DA1B71C019B6B03D00933BAF /* Project object */;
			proxyType = 1;
			remoteGlobalIDString = DA1B71E819B6B27400933BAF;
			remoteInfo = "MessageBroker-iOS";
		};
		DA6710DB19B6C20900A4B369 /* PBXContainerItemProxy */ = {
			isa = PBXContainerItemProxy;
			containerPortal = DA6710D319B6C20900A4B369 /* Quick.xcodeproj */;
			proxyType = 2;
			remoteGlobalIDString = DAEB6B8E1943873100289F44;
			remoteInfo = Quick;
		};
		DA6710DD19B6C20900A4B369 /* PBXContainerItemProxy */ = {
			isa = PBXContainerItemProxy;
			containerPortal = DA6710D319B6C20900A4B369 /* Quick.xcodeproj */;
			proxyType = 2;
			remoteGlobalIDString = DAEB6B991943873100289F44;
			remoteInfo = QuickTests;
		};
		DA6710DF19B6C20900A4B369 /* PBXContainerItemProxy */ = {
			isa = PBXContainerItemProxy;
			containerPortal = DA6710D319B6C20900A4B369 /* Quick.xcodeproj */;
			proxyType = 2;
			remoteGlobalIDString = 5A5D117C19473F2100F6D13D;
			remoteInfo = "Quick-iOS";
		};
		DA6710E119B6C20900A4B369 /* PBXContainerItemProxy */ = {
			isa = PBXContainerItemProxy;
			containerPortal = DA6710D319B6C20900A4B369 /* Quick.xcodeproj */;
			proxyType = 2;
			remoteGlobalIDString = 5A5D118619473F2100F6D13D;
			remoteInfo = "Quick-iOSTests";
		};
		DA6710EA19B6C22200A4B369 /* PBXContainerItemProxy */ = {
			isa = PBXContainerItemProxy;
			containerPortal = DA6710E319B6C22200A4B369 /* Nimble.xcodeproj */;
			proxyType = 2;
			remoteGlobalIDString = 1F1A74291940169200FFFC47;
			remoteInfo = "Nimble-iOS";
		};
		DA6710EC19B6C22200A4B369 /* PBXContainerItemProxy */ = {
			isa = PBXContainerItemProxy;
			containerPortal = DA6710E319B6C22200A4B369 /* Nimble.xcodeproj */;
			proxyType = 2;
			remoteGlobalIDString = 1F1A74341940169200FFFC47;
			remoteInfo = "Nimble-iOSTests";
		};
		DA6710EE19B6C22200A4B369 /* PBXContainerItemProxy */ = {
			isa = PBXContainerItemProxy;
			containerPortal = DA6710E319B6C22200A4B369 /* Nimble.xcodeproj */;
			proxyType = 2;
			remoteGlobalIDString = 1F925EAD195C0D6300ED456B;
			remoteInfo = "Nimble-OSX";
		};
		DA6710F019B6C22200A4B369 /* PBXContainerItemProxy */ = {
			isa = PBXContainerItemProxy;
			containerPortal = DA6710E319B6C22200A4B369 /* Nimble.xcodeproj */;
			proxyType = 2;
			remoteGlobalIDString = 1F925EB7195C0D6300ED456B;
			remoteInfo = "Nimble-OSXTests";
		};
		DA6710FE19B6C2DB00A4B369 /* PBXContainerItemProxy */ = {
			isa = PBXContainerItemProxy;
			containerPortal = DA6710F619B6C2DB00A4B369 /* MessageTransfer.xcodeproj */;
			proxyType = 2;
			remoteGlobalIDString = DAD292D019B6B83100B15F44;
			remoteInfo = "MessageTransfer-Mac";
		};
		DA67110019B6C2DB00A4B369 /* PBXContainerItemProxy */ = {
			isa = PBXContainerItemProxy;
			containerPortal = DA6710F619B6C2DB00A4B369 /* MessageTransfer.xcodeproj */;
			proxyType = 2;
			remoteGlobalIDString = DAD292DB19B6B83200B15F44;
			remoteInfo = "MessageTransfer-MacTests";
		};
		DA67110219B6C2DB00A4B369 /* PBXContainerItemProxy */ = {
			isa = PBXContainerItemProxy;
			containerPortal = DA6710F619B6C2DB00A4B369 /* MessageTransfer.xcodeproj */;
			proxyType = 2;
			remoteGlobalIDString = DAD292F019B6B9EC00B15F44;
			remoteInfo = "MessageTransfer-iOS";
		};
		DA67110419B6C2DB00A4B369 /* PBXContainerItemProxy */ = {
			isa = PBXContainerItemProxy;
			containerPortal = DA6710F619B6C2DB00A4B369 /* MessageTransfer.xcodeproj */;
			proxyType = 2;
			remoteGlobalIDString = DAD292FA19B6B9EC00B15F44;
			remoteInfo = "MessageTransfer-iOSTests";
		};
/* End PBXContainerItemProxy section */

/* Begin PBXFileReference section */
		DA1B71C919B6B03D00933BAF /* MessageBroker.framework */ = {isa = PBXFileReference; explicitFileType = wrapper.framework; includeInIndex = 0; path = MessageBroker.framework; sourceTree = BUILT_PRODUCTS_DIR; };
		DA1B71CD19B6B03D00933BAF /* Info.plist */ = {isa = PBXFileReference; lastKnownFileType = text.plist.xml; path = Info.plist; sourceTree = "<group>"; };
		DA1B71CE19B6B03D00933BAF /* MessageBroker.h */ = {isa = PBXFileReference; lastKnownFileType = sourcecode.c.h; path = MessageBroker.h; sourceTree = "<group>"; };
		DA1B71D419B6B03E00933BAF /* MessageBroker-MacTests.xctest */ = {isa = PBXFileReference; explicitFileType = wrapper.cfbundle; includeInIndex = 0; path = "MessageBroker-MacTests.xctest"; sourceTree = BUILT_PRODUCTS_DIR; };
		DA1B71D719B6B03E00933BAF /* Info.plist */ = {isa = PBXFileReference; lastKnownFileType = text.plist.xml; path = Info.plist; sourceTree = "<group>"; };
		DA1B71E919B6B27400933BAF /* MessageBroker.framework */ = {isa = PBXFileReference; explicitFileType = wrapper.framework; includeInIndex = 0; path = MessageBroker.framework; sourceTree = BUILT_PRODUCTS_DIR; };
		DA1B71F319B6B27400933BAF /* MessageBroker-iOSTests.xctest */ = {isa = PBXFileReference; explicitFileType = wrapper.cfbundle; includeInIndex = 0; path = "MessageBroker-iOSTests.xctest"; sourceTree = BUILT_PRODUCTS_DIR; };
		DA6710D319B6C20900A4B369 /* Quick.xcodeproj */ = {isa = PBXFileReference; lastKnownFileType = "wrapper.pb-project"; name = Quick.xcodeproj; path = External/Quick/Quick/Quick.xcodeproj; sourceTree = SOURCE_ROOT; };
		DA6710E319B6C22200A4B369 /* Nimble.xcodeproj */ = {isa = PBXFileReference; lastKnownFileType = "wrapper.pb-project"; name = Nimble.xcodeproj; path = External/Nimble/Nimble.xcodeproj; sourceTree = SOURCE_ROOT; };
		DA6710F619B6C2DB00A4B369 /* MessageTransfer.xcodeproj */ = {isa = PBXFileReference; lastKnownFileType = "wrapper.pb-project"; name = MessageTransfer.xcodeproj; path = External/MessageTransfer/MessageTransfer.xcodeproj; sourceTree = SOURCE_ROOT; };
		DA67110819B6C33B00A4B369 /* MessageBroker.swift */ = {isa = PBXFileReference; fileEncoding = 4; lastKnownFileType = sourcecode.swift; path = MessageBroker.swift; sourceTree = "<group>"; };
/* End PBXFileReference section */

/* Begin PBXFrameworksBuildPhase section */
		DA1B71C519B6B03D00933BAF /* Frameworks */ = {
			isa = PBXFrameworksBuildPhase;
			buildActionMask = 2147483647;
			files = (
				DA67110619B6C2EA00A4B369 /* MessageTransfer.framework in Frameworks */,
			);
			runOnlyForDeploymentPostprocessing = 0;
		};
		DA1B71D119B6B03E00933BAF /* Frameworks */ = {
			isa = PBXFrameworksBuildPhase;
			buildActionMask = 2147483647;
			files = (
				DA6710F419B6C24100A4B369 /* Nimble.framework in Frameworks */,
				DA6710F519B6C24100A4B369 /* Quick.framework in Frameworks */,
			);
			runOnlyForDeploymentPostprocessing = 0;
		};
		DA1B71E519B6B27400933BAF /* Frameworks */ = {
			isa = PBXFrameworksBuildPhase;
			buildActionMask = 2147483647;
			files = (
				DA67110719B6C2F700A4B369 /* MessageTransfer.framework in Frameworks */,
			);
			runOnlyForDeploymentPostprocessing = 0;
		};
		DA1B71F019B6B27400933BAF /* Frameworks */ = {
			isa = PBXFrameworksBuildPhase;
			buildActionMask = 2147483647;
			files = (
				DA6710F219B6C23600A4B369 /* Nimble.framework in Frameworks */,
				DA6710F319B6C23600A4B369 /* Quick.framework in Frameworks */,
			);
			runOnlyForDeploymentPostprocessing = 0;
		};
/* End PBXFrameworksBuildPhase section */

/* Begin PBXGroup section */
		DA1B71BF19B6B03D00933BAF = {
			isa = PBXGroup;
			children = (
				DA1B71CB19B6B03D00933BAF /* MessageBroker */,
				DA1B71D519B6B03E00933BAF /* MessageBrokerTests */,
				DA1B71CA19B6B03D00933BAF /* Products */,
			);
			sourceTree = "<group>";
		};
		DA1B71CA19B6B03D00933BAF /* Products */ = {
			isa = PBXGroup;
			children = (
				DA1B71C919B6B03D00933BAF /* MessageBroker.framework */,
				DA1B71D419B6B03E00933BAF /* MessageBroker-MacTests.xctest */,
				DA1B71E919B6B27400933BAF /* MessageBroker.framework */,
				DA1B71F319B6B27400933BAF /* MessageBroker-iOSTests.xctest */,
			);
			name = Products;
			sourceTree = "<group>";
		};
		DA1B71CB19B6B03D00933BAF /* MessageBroker */ = {
			isa = PBXGroup;
			children = (
				DA6710F619B6C2DB00A4B369 /* MessageTransfer.xcodeproj */,
				DA1B71CE19B6B03D00933BAF /* MessageBroker.h */,
				DA1B71CC19B6B03D00933BAF /* Supporting Files */,
				DA67110819B6C33B00A4B369 /* MessageBroker.swift */,
			);
			path = MessageBroker;
			sourceTree = "<group>";
		};
		DA1B71CC19B6B03D00933BAF /* Supporting Files */ = {
			isa = PBXGroup;
			children = (
				DA1B71CD19B6B03D00933BAF /* Info.plist */,
			);
			name = "Supporting Files";
			sourceTree = "<group>";
		};
		DA1B71D519B6B03E00933BAF /* MessageBrokerTests */ = {
			isa = PBXGroup;
			children = (
				DA6710E319B6C22200A4B369 /* Nimble.xcodeproj */,
				DA6710D319B6C20900A4B369 /* Quick.xcodeproj */,
				DA1B71D619B6B03E00933BAF /* Supporting Files */,
			);
			path = MessageBrokerTests;
			sourceTree = "<group>";
		};
		DA1B71D619B6B03E00933BAF /* Supporting Files */ = {
			isa = PBXGroup;
			children = (
				DA1B71D719B6B03E00933BAF /* Info.plist */,
			);
			name = "Supporting Files";
			sourceTree = "<group>";
		};
		DA6710D419B6C20900A4B369 /* Products */ = {
			isa = PBXGroup;
			children = (
				DA6710DC19B6C20900A4B369 /* Quick.framework */,
				DA6710DE19B6C20900A4B369 /* QuickTests.xctest */,
				DA6710E019B6C20900A4B369 /* Quick.framework */,
				DA6710E219B6C20900A4B369 /* Quick-iOSTests.xctest */,
			);
			name = Products;
			sourceTree = "<group>";
		};
		DA6710E419B6C22200A4B369 /* Products */ = {
			isa = PBXGroup;
			children = (
				DA6710EB19B6C22200A4B369 /* Nimble.framework */,
				DA6710ED19B6C22200A4B369 /* NimbleTests.xctest */,
				DA6710EF19B6C22200A4B369 /* Nimble.framework */,
				DA6710F119B6C22200A4B369 /* Nimble-OSXTests.xctest */,
			);
			name = Products;
			sourceTree = "<group>";
		};
		DA6710F719B6C2DB00A4B369 /* Products */ = {
			isa = PBXGroup;
			children = (
				DA6710FF19B6C2DB00A4B369 /* MessageTransfer.framework */,
				DA67110119B6C2DB00A4B369 /* MessageTransfer-MacTests.xctest */,
				DA67110319B6C2DB00A4B369 /* MessageTransfer.framework */,
				DA67110519B6C2DB00A4B369 /* MessageTransfer-iOSTests.xctest */,
			);
			name = Products;
			sourceTree = "<group>";
		};
/* End PBXGroup section */

/* Begin PBXHeadersBuildPhase section */
		DA1B71C619B6B03D00933BAF /* Headers */ = {
			isa = PBXHeadersBuildPhase;
			buildActionMask = 2147483647;
			files = (
				DA1B71CF19B6B03D00933BAF /* MessageBroker.h in Headers */,
			);
			runOnlyForDeploymentPostprocessing = 0;
		};
		DA1B71E619B6B27400933BAF /* Headers */ = {
			isa = PBXHeadersBuildPhase;
			buildActionMask = 2147483647;
			files = (
			);
			runOnlyForDeploymentPostprocessing = 0;
		};
/* End PBXHeadersBuildPhase section */

/* Begin PBXNativeTarget section */
		DA1B71C819B6B03D00933BAF /* MessageBroker-Mac */ = {
			isa = PBXNativeTarget;
			buildConfigurationList = DA1B71DC19B6B03E00933BAF /* Build configuration list for PBXNativeTarget "MessageBroker-Mac" */;
			buildPhases = (
				DA1B71C419B6B03D00933BAF /* Sources */,
				DA1B71C519B6B03D00933BAF /* Frameworks */,
				DA1B71C619B6B03D00933BAF /* Headers */,
				DA1B71C719B6B03D00933BAF /* Resources */,
			);
			buildRules = (
			);
			dependencies = (
			);
			name = "MessageBroker-Mac";
			productName = MessageBroker;
			productReference = DA1B71C919B6B03D00933BAF /* MessageBroker.framework */;
			productType = "com.apple.product-type.framework";
		};
		DA1B71D319B6B03E00933BAF /* MessageBroker-MacTests */ = {
			isa = PBXNativeTarget;
			buildConfigurationList = DA1B71DF19B6B03E00933BAF /* Build configuration list for PBXNativeTarget "MessageBroker-MacTests" */;
			buildPhases = (
				DA1B71D019B6B03E00933BAF /* Sources */,
				DA1B71D119B6B03E00933BAF /* Frameworks */,
				DA1B71D219B6B03E00933BAF /* Resources */,
			);
			buildRules = (
			);
			dependencies = (
				DA1B71E319B6B21200933BAF /* PBXTargetDependency */,
			);
			name = "MessageBroker-MacTests";
			productName = MessageBrokerTests;
			productReference = DA1B71D419B6B03E00933BAF /* MessageBroker-MacTests.xctest */;
			productType = "com.apple.product-type.bundle.unit-test";
		};
		DA1B71E819B6B27400933BAF /* MessageBroker-iOS */ = {
			isa = PBXNativeTarget;
			buildConfigurationList = DA1B71F919B6B27400933BAF /* Build configuration list for PBXNativeTarget "MessageBroker-iOS" */;
			buildPhases = (
				DA1B71E419B6B27400933BAF /* Sources */,
				DA1B71E519B6B27400933BAF /* Frameworks */,
				DA1B71E619B6B27400933BAF /* Headers */,
				DA1B71E719B6B27400933BAF /* Resources */,
			);
			buildRules = (
			);
			dependencies = (
			);
			name = "MessageBroker-iOS";
			productName = MessageBroker;
			productReference = DA1B71E919B6B27400933BAF /* MessageBroker.framework */;
			productType = "com.apple.product-type.framework";
		};
		DA1B71F219B6B27400933BAF /* MessageBroker-iOSTests */ = {
			isa = PBXNativeTarget;
			buildConfigurationList = DA1B71FC19B6B27400933BAF /* Build configuration list for PBXNativeTarget "MessageBroker-iOSTests" */;
			buildPhases = (
				DA1B71EF19B6B27400933BAF /* Sources */,
				DA1B71F019B6B27400933BAF /* Frameworks */,
				DA1B71F119B6B27400933BAF /* Resources */,
			);
			buildRules = (
			);
			dependencies = (
				DA1B720019B6B2B200933BAF /* PBXTargetDependency */,
			);
			name = "MessageBroker-iOSTests";
			productName = MessageBrokerTests;
			productReference = DA1B71F319B6B27400933BAF /* MessageBroker-iOSTests.xctest */;
			productType = "com.apple.product-type.bundle.unit-test";
		};
/* End PBXNativeTarget section */

/* Begin PBXProject section */
		DA1B71C019B6B03D00933BAF /* Project object */ = {
			isa = PBXProject;
			attributes = {
				LastUpgradeCheck = 0600;
				ORGANIZATIONNAME = CocoaFlow;
				TargetAttributes = {
					DA1B71C819B6B03D00933BAF = {
						CreatedOnToolsVersion = 6.0;
					};
					DA1B71D319B6B03E00933BAF = {
						CreatedOnToolsVersion = 6.0;
					};
					DA1B71E819B6B27400933BAF = {
						CreatedOnToolsVersion = 6.0;
					};
					DA1B71F219B6B27400933BAF = {
						CreatedOnToolsVersion = 6.0;
					};
				};
			};
			buildConfigurationList = DA1B71C319B6B03D00933BAF /* Build configuration list for PBXProject "MessageBroker" */;
			compatibilityVersion = "Xcode 3.2";
			developmentRegion = English;
			hasScannedForEncodings = 0;
			knownRegions = (
				en,
			);
			mainGroup = DA1B71BF19B6B03D00933BAF;
			productRefGroup = DA1B71CA19B6B03D00933BAF /* Products */;
			projectDirPath = "";
			projectReferences = (
				{
					ProductGroup = DA6710F719B6C2DB00A4B369 /* Products */;
					ProjectRef = DA6710F619B6C2DB00A4B369 /* MessageTransfer.xcodeproj */;
				},
				{
					ProductGroup = DA6710E419B6C22200A4B369 /* Products */;
					ProjectRef = DA6710E319B6C22200A4B369 /* Nimble.xcodeproj */;
				},
				{
					ProductGroup = DA6710D419B6C20900A4B369 /* Products */;
					ProjectRef = DA6710D319B6C20900A4B369 /* Quick.xcodeproj */;
				},
			);
			projectRoot = "";
			targets = (
				DA1B71C819B6B03D00933BAF /* MessageBroker-Mac */,
				DA1B71D319B6B03E00933BAF /* MessageBroker-MacTests */,
				DA1B71E819B6B27400933BAF /* MessageBroker-iOS */,
				DA1B71F219B6B27400933BAF /* MessageBroker-iOSTests */,
			);
		};
/* End PBXProject section */

/* Begin PBXReferenceProxy section */
		DA6710DC19B6C20900A4B369 /* Quick.framework */ = {
			isa = PBXReferenceProxy;
			fileType = wrapper.framework;
			path = Quick.framework;
			remoteRef = DA6710DB19B6C20900A4B369 /* PBXContainerItemProxy */;
			sourceTree = BUILT_PRODUCTS_DIR;
		};
		DA6710DE19B6C20900A4B369 /* QuickTests.xctest */ = {
			isa = PBXReferenceProxy;
			fileType = wrapper.cfbundle;
			path = QuickTests.xctest;
			remoteRef = DA6710DD19B6C20900A4B369 /* PBXContainerItemProxy */;
			sourceTree = BUILT_PRODUCTS_DIR;
		};
		DA6710E019B6C20900A4B369 /* Quick.framework */ = {
			isa = PBXReferenceProxy;
			fileType = wrapper.framework;
			path = Quick.framework;
			remoteRef = DA6710DF19B6C20900A4B369 /* PBXContainerItemProxy */;
			sourceTree = BUILT_PRODUCTS_DIR;
		};
		DA6710E219B6C20900A4B369 /* Quick-iOSTests.xctest */ = {
			isa = PBXReferenceProxy;
			fileType = wrapper.cfbundle;
			path = "Quick-iOSTests.xctest";
			remoteRef = DA6710E119B6C20900A4B369 /* PBXContainerItemProxy */;
			sourceTree = BUILT_PRODUCTS_DIR;
		};
		DA6710EB19B6C22200A4B369 /* Nimble.framework */ = {
			isa = PBXReferenceProxy;
			fileType = wrapper.framework;
			path = Nimble.framework;
			remoteRef = DA6710EA19B6C22200A4B369 /* PBXContainerItemProxy */;
			sourceTree = BUILT_PRODUCTS_DIR;
		};
		DA6710ED19B6C22200A4B369 /* NimbleTests.xctest */ = {
			isa = PBXReferenceProxy;
			fileType = wrapper.cfbundle;
			path = NimbleTests.xctest;
			remoteRef = DA6710EC19B6C22200A4B369 /* PBXContainerItemProxy */;
			sourceTree = BUILT_PRODUCTS_DIR;
		};
		DA6710EF19B6C22200A4B369 /* Nimble.framework */ = {
			isa = PBXReferenceProxy;
			fileType = wrapper.framework;
			path = Nimble.framework;
			remoteRef = DA6710EE19B6C22200A4B369 /* PBXContainerItemProxy */;
			sourceTree = BUILT_PRODUCTS_DIR;
		};
		DA6710F119B6C22200A4B369 /* Nimble-OSXTests.xctest */ = {
			isa = PBXReferenceProxy;
			fileType = wrapper.cfbundle;
			path = "Nimble-OSXTests.xctest";
			remoteRef = DA6710F019B6C22200A4B369 /* PBXContainerItemProxy */;
			sourceTree = BUILT_PRODUCTS_DIR;
		};
		DA6710FF19B6C2DB00A4B369 /* MessageTransfer.framework */ = {
			isa = PBXReferenceProxy;
			fileType = wrapper.framework;
			path = MessageTransfer.framework;
			remoteRef = DA6710FE19B6C2DB00A4B369 /* PBXContainerItemProxy */;
			sourceTree = BUILT_PRODUCTS_DIR;
		};
		DA67110119B6C2DB00A4B369 /* MessageTransfer-MacTests.xctest */ = {
			isa = PBXReferenceProxy;
			fileType = wrapper.cfbundle;
			path = "MessageTransfer-MacTests.xctest";
			remoteRef = DA67110019B6C2DB00A4B369 /* PBXContainerItemProxy */;
			sourceTree = BUILT_PRODUCTS_DIR;
		};
		DA67110319B6C2DB00A4B369 /* MessageTransfer.framework */ = {
			isa = PBXReferenceProxy;
			fileType = wrapper.framework;
			path = MessageTransfer.framework;
			remoteRef = DA67110219B6C2DB00A4B369 /* PBXContainerItemProxy */;
			sourceTree = BUILT_PRODUCTS_DIR;
		};
		DA67110519B6C2DB00A4B369 /* MessageTransfer-iOSTests.xctest */ = {
			isa = PBXReferenceProxy;
			fileType = wrapper.cfbundle;
			path = "MessageTransfer-iOSTests.xctest";
			remoteRef = DA67110419B6C2DB00A4B369 /* PBXContainerItemProxy */;
			sourceTree = BUILT_PRODUCTS_DIR;
		};
/* End PBXReferenceProxy section */

/* Begin PBXResourcesBuildPhase section */
		DA1B71C719B6B03D00933BAF /* Resources */ = {
			isa = PBXResourcesBuildPhase;
			buildActionMask = 2147483647;
			files = (
			);
			runOnlyForDeploymentPostprocessing = 0;
		};
		DA1B71D219B6B03E00933BAF /* Resources */ = {
			isa = PBXResourcesBuildPhase;
			buildActionMask = 2147483647;
			files = (
			);
			runOnlyForDeploymentPostprocessing = 0;
		};
		DA1B71E719B6B27400933BAF /* Resources */ = {
			isa = PBXResourcesBuildPhase;
			buildActionMask = 2147483647;
			files = (
			);
			runOnlyForDeploymentPostprocessing = 0;
		};
		DA1B71F119B6B27400933BAF /* Resources */ = {
			isa = PBXResourcesBuildPhase;
			buildActionMask = 2147483647;
			files = (
			);
			runOnlyForDeploymentPostprocessing = 0;
		};
/* End PBXResourcesBuildPhase section */

/* Begin PBXSourcesBuildPhase section */
		DA1B71C419B6B03D00933BAF /* Sources */ = {
			isa = PBXSourcesBuildPhase;
			buildActionMask = 2147483647;
			files = (
			);
			runOnlyForDeploymentPostprocessing = 0;
		};
		DA1B71D019B6B03E00933BAF /* Sources */ = {
			isa = PBXSourcesBuildPhase;
			buildActionMask = 2147483647;
			files = (
				DA67110919B6C33B00A4B369 /* MessageBroker.swift in Sources */,
			);
			runOnlyForDeploymentPostprocessing = 0;
		};
		DA1B71E419B6B27400933BAF /* Sources */ = {
			isa = PBXSourcesBuildPhase;
			buildActionMask = 2147483647;
			files = (
			);
			runOnlyForDeploymentPostprocessing = 0;
		};
		DA1B71EF19B6B27400933BAF /* Sources */ = {
			isa = PBXSourcesBuildPhase;
			buildActionMask = 2147483647;
			files = (
				DA67110A19B6C33B00A4B369 /* MessageBroker.swift in Sources */,
			);
			runOnlyForDeploymentPostprocessing = 0;
		};
/* End PBXSourcesBuildPhase section */

/* Begin PBXTargetDependency section */
		DA1B71E319B6B21200933BAF /* PBXTargetDependency */ = {
			isa = PBXTargetDependency;
			target = DA1B71C819B6B03D00933BAF /* MessageBroker-Mac */;
			targetProxy = DA1B71E219B6B21200933BAF /* PBXContainerItemProxy */;
		};
		DA1B720019B6B2B200933BAF /* PBXTargetDependency */ = {
			isa = PBXTargetDependency;
			target = DA1B71E819B6B27400933BAF /* MessageBroker-iOS */;
			targetProxy = DA1B71FF19B6B2B200933BAF /* PBXContainerItemProxy */;
		};
/* End PBXTargetDependency section */

/* Begin XCBuildConfiguration section */
		DA1B71DA19B6B03E00933BAF /* Debug */ = {
			isa = XCBuildConfiguration;
			buildSettings = {
				ALWAYS_SEARCH_USER_PATHS = NO;
				CLANG_CXX_LANGUAGE_STANDARD = "gnu++0x";
				CLANG_CXX_LIBRARY = "libc++";
				CLANG_ENABLE_MODULES = YES;
				CLANG_ENABLE_OBJC_ARC = YES;
				CLANG_WARN_BOOL_CONVERSION = YES;
				CLANG_WARN_CONSTANT_CONVERSION = YES;
				CLANG_WARN_DIRECT_OBJC_ISA_USAGE = YES_ERROR;
				CLANG_WARN_EMPTY_BODY = YES;
				CLANG_WARN_ENUM_CONVERSION = YES;
				CLANG_WARN_INT_CONVERSION = YES;
				CLANG_WARN_OBJC_ROOT_CLASS = YES_ERROR;
				CLANG_WARN_UNREACHABLE_CODE = YES;
				CLANG_WARN__DUPLICATE_METHOD_MATCH = YES;
				COPY_PHASE_STRIP = NO;
				CURRENT_PROJECT_VERSION = 1;
				ENABLE_STRICT_OBJC_MSGSEND = YES;
				GCC_C_LANGUAGE_STANDARD = gnu99;
				GCC_DYNAMIC_NO_PIC = NO;
				GCC_OPTIMIZATION_LEVEL = 0;
				GCC_PREPROCESSOR_DEFINITIONS = (
					"DEBUG=1",
					"$(inherited)",
				);
				GCC_SYMBOLS_PRIVATE_EXTERN = NO;
				GCC_WARN_64_TO_32_BIT_CONVERSION = YES;
				GCC_WARN_ABOUT_RETURN_TYPE = YES_ERROR;
				GCC_WARN_UNDECLARED_SELECTOR = YES;
				GCC_WARN_UNINITIALIZED_AUTOS = YES_AGGRESSIVE;
				GCC_WARN_UNUSED_FUNCTION = YES;
				GCC_WARN_UNUSED_VARIABLE = YES;
				MACOSX_DEPLOYMENT_TARGET = 10.9;
				MTL_ENABLE_DEBUG_INFO = YES;
				ONLY_ACTIVE_ARCH = YES;
				SDKROOT = macosx;
				SWIFT_OPTIMIZATION_LEVEL = "-Onone";
				VERSIONING_SYSTEM = "apple-generic";
				VERSION_INFO_PREFIX = "";
			};
			name = Debug;
		};
		DA1B71DB19B6B03E00933BAF /* Release */ = {
			isa = XCBuildConfiguration;
			buildSettings = {
				ALWAYS_SEARCH_USER_PATHS = NO;
				CLANG_CXX_LANGUAGE_STANDARD = "gnu++0x";
				CLANG_CXX_LIBRARY = "libc++";
				CLANG_ENABLE_MODULES = YES;
				CLANG_ENABLE_OBJC_ARC = YES;
				CLANG_WARN_BOOL_CONVERSION = YES;
				CLANG_WARN_CONSTANT_CONVERSION = YES;
				CLANG_WARN_DIRECT_OBJC_ISA_USAGE = YES_ERROR;
				CLANG_WARN_EMPTY_BODY = YES;
				CLANG_WARN_ENUM_CONVERSION = YES;
				CLANG_WARN_INT_CONVERSION = YES;
				CLANG_WARN_OBJC_ROOT_CLASS = YES_ERROR;
				CLANG_WARN_UNREACHABLE_CODE = YES;
				CLANG_WARN__DUPLICATE_METHOD_MATCH = YES;
				COPY_PHASE_STRIP = YES;
				CURRENT_PROJECT_VERSION = 1;
				DEBUG_INFORMATION_FORMAT = "dwarf-with-dsym";
				ENABLE_NS_ASSERTIONS = NO;
				ENABLE_STRICT_OBJC_MSGSEND = YES;
				GCC_C_LANGUAGE_STANDARD = gnu99;
				GCC_WARN_64_TO_32_BIT_CONVERSION = YES;
				GCC_WARN_ABOUT_RETURN_TYPE = YES_ERROR;
				GCC_WARN_UNDECLARED_SELECTOR = YES;
				GCC_WARN_UNINITIALIZED_AUTOS = YES_AGGRESSIVE;
				GCC_WARN_UNUSED_FUNCTION = YES;
				GCC_WARN_UNUSED_VARIABLE = YES;
				MACOSX_DEPLOYMENT_TARGET = 10.9;
				MTL_ENABLE_DEBUG_INFO = NO;
				SDKROOT = macosx;
				VERSIONING_SYSTEM = "apple-generic";
				VERSION_INFO_PREFIX = "";
			};
			name = Release;
		};
		DA1B71DD19B6B03E00933BAF /* Debug */ = {
			isa = XCBuildConfiguration;
			buildSettings = {
				CLANG_ENABLE_MODULES = YES;
				COMBINE_HIDPI_IMAGES = YES;
				DEFINES_MODULE = YES;
				DYLIB_COMPATIBILITY_VERSION = 1;
				DYLIB_CURRENT_VERSION = 1;
				DYLIB_INSTALL_NAME_BASE = "@rpath";
				FRAMEWORK_VERSION = A;
				INFOPLIST_FILE = MessageBroker/Info.plist;
				INSTALL_PATH = "$(LOCAL_LIBRARY_DIR)/Frameworks";
				LD_RUNPATH_SEARCH_PATHS = "$(inherited) @executable_path/../Frameworks @loader_path/Frameworks";
				PRODUCT_NAME = MessageBroker;
				SKIP_INSTALL = YES;
				SWIFT_OPTIMIZATION_LEVEL = "-Onone";
			};
			name = Debug;
		};
		DA1B71DE19B6B03E00933BAF /* Release */ = {
			isa = XCBuildConfiguration;
			buildSettings = {
				CLANG_ENABLE_MODULES = YES;
				COMBINE_HIDPI_IMAGES = YES;
				DEFINES_MODULE = YES;
				DYLIB_COMPATIBILITY_VERSION = 1;
				DYLIB_CURRENT_VERSION = 1;
				DYLIB_INSTALL_NAME_BASE = "@rpath";
				FRAMEWORK_VERSION = A;
				INFOPLIST_FILE = MessageBroker/Info.plist;
				INSTALL_PATH = "$(LOCAL_LIBRARY_DIR)/Frameworks";
				LD_RUNPATH_SEARCH_PATHS = "$(inherited) @executable_path/../Frameworks @loader_path/Frameworks";
				PRODUCT_NAME = MessageBroker;
				SKIP_INSTALL = YES;
			};
			name = Release;
		};
		DA1B71E019B6B03E00933BAF /* Debug */ = {
			isa = XCBuildConfiguration;
			buildSettings = {
				CLANG_ENABLE_MODULES = YES;
				COMBINE_HIDPI_IMAGES = YES;
				FRAMEWORK_SEARCH_PATHS = (
					"$(DEVELOPER_FRAMEWORKS_DIR)",
					"$(inherited)",
				);
				GCC_PREPROCESSOR_DEFINITIONS = (
					"DEBUG=1",
					"$(inherited)",
				);
				INFOPLIST_FILE = MessageBrokerTests/Info.plist;
				LD_RUNPATH_SEARCH_PATHS = "$(inherited) @executable_path/../Frameworks @loader_path/../Frameworks";
				PRODUCT_NAME = "$(TARGET_NAME)";
				SWIFT_OPTIMIZATION_LEVEL = "-Onone";
			};
			name = Debug;
		};
		DA1B71E119B6B03E00933BAF /* Release */ = {
			isa = XCBuildConfiguration;
			buildSettings = {
				CLANG_ENABLE_MODULES = YES;
				COMBINE_HIDPI_IMAGES = YES;
				FRAMEWORK_SEARCH_PATHS = (
					"$(DEVELOPER_FRAMEWORKS_DIR)",
					"$(inherited)",
				);
				INFOPLIST_FILE = MessageBrokerTests/Info.plist;
				LD_RUNPATH_SEARCH_PATHS = "$(inherited) @executable_path/../Frameworks @loader_path/../Frameworks";
				PRODUCT_NAME = "$(TARGET_NAME)";
			};
			name = Release;
		};
		DA1B71FA19B6B27400933BAF /* Debug */ = {
			isa = XCBuildConfiguration;
			buildSettings = {
				CLANG_ENABLE_MODULES = YES;
				"CODE_SIGN_IDENTITY[sdk=iphoneos*]" = "iPhone Developer";
				DEFINES_MODULE = YES;
				DYLIB_COMPATIBILITY_VERSION = 1;
				DYLIB_CURRENT_VERSION = 1;
				DYLIB_INSTALL_NAME_BASE = "@rpath";
				GCC_PREPROCESSOR_DEFINITIONS = (
					"DEBUG=1",
					"$(inherited)",
				);
				INFOPLIST_FILE = MessageBroker/Info.plist;
				INSTALL_PATH = "$(LOCAL_LIBRARY_DIR)/Frameworks";
				IPHONEOS_DEPLOYMENT_TARGET = 8.0;
				LD_RUNPATH_SEARCH_PATHS = "$(inherited) @executable_path/Frameworks @loader_path/Frameworks";
				PRODUCT_NAME = MessageBroker;
				SDKROOT = iphoneos;
				SKIP_INSTALL = YES;
				SWIFT_OPTIMIZATION_LEVEL = "-Onone";
				TARGETED_DEVICE_FAMILY = "1,2";
			};
			name = Debug;
		};
		DA1B71FB19B6B27400933BAF /* Release */ = {
			isa = XCBuildConfiguration;
			buildSettings = {
				CLANG_ENABLE_MODULES = YES;
				"CODE_SIGN_IDENTITY[sdk=iphoneos*]" = "iPhone Developer";
				DEFINES_MODULE = YES;
				DYLIB_COMPATIBILITY_VERSION = 1;
				DYLIB_CURRENT_VERSION = 1;
				DYLIB_INSTALL_NAME_BASE = "@rpath";
				INFOPLIST_FILE = MessageBroker/Info.plist;
				INSTALL_PATH = "$(LOCAL_LIBRARY_DIR)/Frameworks";
				IPHONEOS_DEPLOYMENT_TARGET = 8.0;
				LD_RUNPATH_SEARCH_PATHS = "$(inherited) @executable_path/Frameworks @loader_path/Frameworks";
				PRODUCT_NAME = MessageBroker;
				SDKROOT = iphoneos;
				SKIP_INSTALL = YES;
				TARGETED_DEVICE_FAMILY = "1,2";
				VALIDATE_PRODUCT = YES;
			};
			name = Release;
		};
		DA1B71FD19B6B27400933BAF /* Debug */ = {
			isa = XCBuildConfiguration;
			buildSettings = {
				CLANG_ENABLE_MODULES = YES;
				FRAMEWORK_SEARCH_PATHS = (
					"$(SDKROOT)/Developer/Library/Frameworks",
					"$(inherited)",
				);
				GCC_PREPROCESSOR_DEFINITIONS = (
					"DEBUG=1",
					"$(inherited)",
				);
				INFOPLIST_FILE = MessageBrokerTests/Info.plist;
				IPHONEOS_DEPLOYMENT_TARGET = 8.0;
				LD_RUNPATH_SEARCH_PATHS = "$(inherited) @executable_path/Frameworks @loader_path/Frameworks";
				PRODUCT_NAME = "$(TARGET_NAME)";
				SDKROOT = iphoneos;
				SWIFT_OPTIMIZATION_LEVEL = "-Onone";
			};
			name = Debug;
		};
		DA1B71FE19B6B27400933BAF /* Release */ = {
			isa = XCBuildConfiguration;
			buildSettings = {
				CLANG_ENABLE_MODULES = YES;
				FRAMEWORK_SEARCH_PATHS = (
					"$(SDKROOT)/Developer/Library/Frameworks",
					"$(inherited)",
				);
				INFOPLIST_FILE = MessageBrokerTests/Info.plist;
				IPHONEOS_DEPLOYMENT_TARGET = 8.0;
				LD_RUNPATH_SEARCH_PATHS = "$(inherited) @executable_path/Frameworks @loader_path/Frameworks";
				PRODUCT_NAME = "$(TARGET_NAME)";
				SDKROOT = iphoneos;
				VALIDATE_PRODUCT = YES;
			};
			name = Release;
		};
/* End XCBuildConfiguration section */

/* Begin XCConfigurationList section */
		DA1B71C319B6B03D00933BAF /* Build configuration list for PBXProject "MessageBroker" */ = {
			isa = XCConfigurationList;
			buildConfigurations = (
				DA1B71DA19B6B03E00933BAF /* Debug */,
				DA1B71DB19B6B03E00933BAF /* Release */,
			);
			defaultConfigurationIsVisible = 0;
			defaultConfigurationName = Release;
		};
		DA1B71DC19B6B03E00933BAF /* Build configuration list for PBXNativeTarget "MessageBroker-Mac" */ = {
			isa = XCConfigurationList;
			buildConfigurations = (
				DA1B71DD19B6B03E00933BAF /* Debug */,
				DA1B71DE19B6B03E00933BAF /* Release */,
			);
			defaultConfigurationIsVisible = 0;
			defaultConfigurationName = Release;
		};
		DA1B71DF19B6B03E00933BAF /* Build configuration list for PBXNativeTarget "MessageBroker-MacTests" */ = {
			isa = XCConfigurationList;
			buildConfigurations = (
				DA1B71E019B6B03E00933BAF /* Debug */,
				DA1B71E119B6B03E00933BAF /* Release */,
			);
			defaultConfigurationIsVisible = 0;
			defaultConfigurationName = Release;
		};
		DA1B71F919B6B27400933BAF /* Build configuration list for PBXNativeTarget "MessageBroker-iOS" */ = {
			isa = XCConfigurationList;
			buildConfigurations = (
				DA1B71FA19B6B27400933BAF /* Debug */,
				DA1B71FB19B6B27400933BAF /* Release */,
			);
			defaultConfigurationIsVisible = 0;
			defaultConfigurationName = Release;
		};
		DA1B71FC19B6B27400933BAF /* Build configuration list for PBXNativeTarget "MessageBroker-iOSTests" */ = {
			isa = XCConfigurationList;
			buildConfigurations = (
				DA1B71FD19B6B27400933BAF /* Debug */,
				DA1B71FE19B6B27400933BAF /* Release */,
			);
			defaultConfigurationIsVisible = 0;
			defaultConfigurationName = Release;
		};
/* End XCConfigurationList section */
	};
	rootObject = DA1B71C019B6B03D00933BAF /* Project object */;
}
